
Microsoft Visual Studio Solution File, Format Version 12.00
# Visual Studio Version 17
VisualStudioVersion = 17.8.34330.188
MinimumVisualStudioVersion = 10.0.40219.1
Project("{9A19103F-16F7-4668-BE54-9A1E7A4F7556}") = "RiotApiController.Api", "RiotApiController.Api\RiotApiController.Api.csproj", "{AE17A815-0F6A-40F3-82ED-38C6B8FDED2A}"
EndProject
Project("{9A19103F-16F7-4668-BE54-9A1E7A4F7556}") = "RiotApiController.Domain", "RiotApiController.Domain\RiotApiController.Domain.csproj", "{8B965FEE-C87B-4FC3-A8EB-206FB71755CB}"
EndProject
Project("{9A19103F-16F7-4668-BE54-9A1E7A4F7556}") = "RiotApiController.Infrastructure", "RiotApiController.Infrastructure\RiotApiController.Infrastructure.csproj", "{5F48F35F-E3B5-40DD-B5BA-EE5A43F43B69}"
EndProject
Global
	GlobalSection(SolutionConfigurationPlatforms) = preSolution
		Debug|Any CPU = Debug|Any CPU
		Release|Any CPU = Release|Any CPU
	EndGlobalSection
	GlobalSection(ProjectConfigurationPlatforms) = postSolution
		{AE17A815-0F6A-40F3-82ED-38C6B8FDED2A}.Debug|Any CPU.ActiveCfg = Debug|Any CPU
		{AE17A815-0F6A-40F3-82ED-38C6B8FDED2A}.Debug|Any CPU.Build.0 = Debug|Any CPU
		{AE17A815-0F6A-40F3-82ED-38C6B8FDED2A}.Release|Any CPU.ActiveCfg = Release|Any CPU
		{AE17A815-0F6A-40F3-82ED-38C6B8FDED2A}.Release|Any CPU.Build.0 = Release|Any CPU
		{8B965FEE-C87B-4FC3-A8EB-206FB71755CB}.Debug|Any CPU.ActiveCfg = Debug|Any CPU
		{8B965FEE-C87B-4FC3-A8EB-206FB71755CB}.Debug|Any CPU.Build.0 = Debug|Any CPU
		{8B965FEE-C87B-4FC3-A8EB-206FB71755CB}.Release|Any CPU.ActiveCfg = Release|Any CPU
		{8B965FEE-C87B-4FC3-A8EB-206FB71755CB}.Release|Any CPU.Build.0 = Release|Any CPU
		{5F48F35F-E3B5-40DD-B5BA-EE5A43F43B69}.Debug|Any CPU.ActiveCfg = Debug|Any CPU
		{5F48F35F-E3B5-40DD-B5BA-EE5A43F43B69}.Debug|Any CPU.Build.0 = Debug|Any CPU
		{5F48F35F-E3B5-40DD-B5BA-EE5A43F43B69}.Release|Any CPU.ActiveCfg = Release|Any CPU
		{5F48F35F-E3B5-40DD-B5BA-EE5A43F43B69}.Release|Any CPU.Build.0 = Release|Any CPU
	EndGlobalSection
	GlobalSection(SolutionProperties) = preSolution
		HideSolutionNode = FALSE
	EndGlobalSection
	GlobalSection(ExtensibilityGlobals) = postSolution
		SolutionGuid = {181E8D44-CAFC-4945-BF46-77524E57E35E}
	EndGlobalSection
EndGlobal
