
Microsoft Visual Studio Solution File, Format Version 12.00
# Visual Studio Version 17
VisualStudioVersion = 17.8.34330.188
MinimumVisualStudioVersion = 10.0.40219.1
Project("{9A19103F-16F7-4668-BE54-9A1E7A4F7556}") = "DefeatYourOpponent.UI", "DefeatYourOpponent.UI\DefeatYourOpponent.UI.csproj", "{226E8199-E89C-41BF-B893-F7271657EA6F}"
EndProject
Project("{FAE04EC0-301F-11D3-BF4B-00C04F79EFBC}") = "DefeatYourOpponent.Domain", "DefeatYourOpponent.Domain\DefeatYourOpponent.Domain.csproj", "{722D96D4-EF6C-4784-B1EA-C2B81D05D53F}"
EndProject
Project("{FAE04EC0-301F-11D3-BF4B-00C04F79EFBC}") = "DefeatYourOpponent.Infrastructure", "DefeatYourOpponent.Infrastructure\DefeatYourOpponent.Infrastructure.csproj", "{B8033951-B8F5-416D-9AE2-6D1B56DFDF59}"
EndProject
Global
	GlobalSection(SolutionConfigurationPlatforms) = preSolution
		Debug|Any CPU = Debug|Any CPU
		Release|Any CPU = Release|Any CPU
	EndGlobalSection
	GlobalSection(ProjectConfigurationPlatforms) = postSolution
		{226E8199-E89C-41BF-B893-F7271657EA6F}.Debug|Any CPU.ActiveCfg = Debug|Any CPU
		{226E8199-E89C-41BF-B893-F7271657EA6F}.Debug|Any CPU.Build.0 = Debug|Any CPU
		{226E8199-E89C-41BF-B893-F7271657EA6F}.Release|Any CPU.ActiveCfg = Release|Any CPU
		{226E8199-E89C-41BF-B893-F7271657EA6F}.Release|Any CPU.Build.0 = Release|Any CPU
		{722D96D4-EF6C-4784-B1EA-C2B81D05D53F}.Debug|Any CPU.ActiveCfg = Debug|Any CPU
		{722D96D4-EF6C-4784-B1EA-C2B81D05D53F}.Debug|Any CPU.Build.0 = Debug|Any CPU
		{722D96D4-EF6C-4784-B1EA-C2B81D05D53F}.Release|Any CPU.ActiveCfg = Release|Any CPU
		{722D96D4-EF6C-4784-B1EA-C2B81D05D53F}.Release|Any CPU.Build.0 = Release|Any CPU
		{B8033951-B8F5-416D-9AE2-6D1B56DFDF59}.Debug|Any CPU.ActiveCfg = Debug|Any CPU
		{B8033951-B8F5-416D-9AE2-6D1B56DFDF59}.Debug|Any CPU.Build.0 = Debug|Any CPU
		{B8033951-B8F5-416D-9AE2-6D1B56DFDF59}.Release|Any CPU.ActiveCfg = Release|Any CPU
		{B8033951-B8F5-416D-9AE2-6D1B56DFDF59}.Release|Any CPU.Build.0 = Release|Any CPU
	EndGlobalSection
	GlobalSection(SolutionProperties) = preSolution
		HideSolutionNode = FALSE
	EndGlobalSection
	GlobalSection(ExtensibilityGlobals) = postSolution
		SolutionGuid = {AF355787-D930-40D8-9193-5C71EBDFBBAB}
	EndGlobalSection
EndGlobal
